{
  "name": "taskmaster",
  "lockfileVersion": 3,
  "requires": true,
  "packages": {
    "": {
      "name": "taskmaster",
      "dependencies": {
        "@elysiajs/html": "^0.6.4",
        "elysia": "^0.6.20"
      },
      "devDependencies": {
        "bun-types": "latest",
        "typed-html": "^3.0.1"
      },
      "peerDependencies": {
        "typescript": "^5.0.0"
      }
    },
    "node_modules/@elysiajs/html": {
      "version": "0.6.4",
      "resolved": "https://registry.npmjs.org/@elysiajs/html/-/html-0.6.4.tgz",
      "integrity": "sha512-l11x2/z2fpq7zZ+KmltK64yAL/dtvzRYFakLnigDYPDlCTQDGjL6imWNGb1fbqPhqnCRo/GMCHLe647M15f7Zw==",
      "dependencies": {
        "@kitajs/html": "^1.4.6",
        "dompurify": "^3.0.5"
      },
      "peerDependencies": {
        "elysia": ">= 0.6.0"
      }
    },
    "node_modules/@kitajs/html": {
      "version": "1.4.7",
      "resolved": "https://registry.npmjs.org/@kitajs/html/-/html-1.4.7.tgz",
      "integrity": "sha512-ijXOFy+2t29iBi4bRQK1MLL1Xw6evadfMJB1R1CGx/T0A8B7GHyeTfFdUZMWI2P7oAwIbGYa5iW3vzaoLWsvvw==",
      "dependencies": {
        "csstype": "^3.1.2"
      },
      "engines": {
        "node": ">=12"
      },
      "funding": {
        "url": "https://github.com/kitajs/html?sponsor=1"
      }
    },
    "node_modules/@sinclair/typebox": {
      "version": "0.30.4",
      "resolved": "https://registry.npmjs.org/@sinclair/typebox/-/typebox-0.30.4.tgz",
      "integrity": "sha512-wFuuDR+O1OAE2GL0q68h1Ty00RE6Ihcixr55A6TU5RCvOUHnwJw9LGuDVg9NxDiAp7m/YJpa+UaOuLAz0ziyOQ=="
    },
    "node_modules/bun-types": {
      "version": "1.0.1",
      "resolved": "https://registry.npmjs.org/bun-types/-/bun-types-1.0.1.tgz",
      "integrity": "sha512-7NrXqhMIaNKmWn2dSWEQ50znMZqrN/5Z0NBMXvQTRu/+Y1CvoXRznFy0pnqLe024CeZgVdXoEpARNO1JZLAPGw==",
      "dev": true
    },
    "node_modules/csstype": {
      "version": "3.1.2",
      "resolved": "https://registry.npmjs.org/csstype/-/csstype-3.1.2.tgz",
      "integrity": "sha512-I7K1Uu0MBPzaFKg4nI5Q7Vs2t+3gWWW648spaF+Rg7pI9ds18Ugn+lvg4SHczUdKlHI5LWBXyqfS8+DufyBsgQ=="
    },
    "node_modules/dompurify": {
      "version": "3.0.5",
      "resolved": "https://registry.npmjs.org/dompurify/-/dompurify-3.0.5.tgz",
      "integrity": "sha512-F9e6wPGtY+8KNMRAVfxeCOHU0/NPWMSENNq4pQctuXRqqdEPW7q3CrLbR5Nse044WwacyjHGOMlvNsBe1y6z9A=="
    },
    "node_modules/elysia": {
      "version": "0.6.21",
      "resolved": "https://registry.npmjs.org/elysia/-/elysia-0.6.21.tgz",
      "integrity": "sha512-I5QOfklZUPfT9tUTn58Cmv9RNTnPCNhscYb3q0zzYpvRomCEgHkCRLyy3bwLVdGtqOs6nPAwPpbb+gro19rJzQ==",
      "dependencies": {
        "@sinclair/typebox": "^0.30.4",
        "fast-querystring": "^1.1.2",
        "memoirist": "0.1.4",
        "openapi-types": "^12.1.3"
      },
      "peerDependencies": {
        "@sinclair/typebox": ">= 0.28.10",
        "openapi-types": ">= 12.0.0",
        "typescript": ">= 5.0.0"
      },
      "peerDependenciesMeta": {
        "@elysiajs/fn": {
          "optional": true
        },
        "@sinclair/typebox": {
          "optional": true
        },
        "openapi-types": {
          "optional": true
        },
        "typescript": {
          "optional": true
        }
      }
    },
    "node_modules/fast-decode-uri-component": {
      "version": "1.0.1",
      "resolved": "https://registry.npmjs.org/fast-decode-uri-component/-/fast-decode-uri-component-1.0.1.tgz",
      "integrity": "sha512-WKgKWg5eUxvRZGwW8FvfbaH7AXSh2cL+3j5fMGzUMCxWBJ3dV3a7Wz8y2f/uQ0e3B6WmodD3oS54jTQ9HVTIIg=="
    },
    "node_modules/fast-querystring": {
      "version": "1.1.2",
      "resolved": "https://registry.npmjs.org/fast-querystring/-/fast-querystring-1.1.2.tgz",
      "integrity": "sha512-g6KuKWmFXc0fID8WWH0jit4g0AGBoJhCkJMb1RmbsSEUNvQ+ZC8D6CUZ+GtF8nMzSPXnhiePyyqqipzNNEnHjg==",
      "dependencies": {
        "fast-decode-uri-component": "^1.0.1"
      }
    },
    "node_modules/memoirist": {
      "version": "0.1.4",
      "resolved": "https://registry.npmjs.org/memoirist/-/memoirist-0.1.4.tgz",
      "integrity": "sha512-D6GbPSqO2nUVOmm7VZjJc5tC60pkOVUPzLwkKl1vCiYP+2b1cG8N9q1O3P0JmNM68u8vsgefPbxRUCSGxSXD+g=="
    },
    "node_modules/openapi-types": {
      "version": "12.1.3",
      "resolved": "https://registry.npmjs.org/openapi-types/-/openapi-types-12.1.3.tgz",
      "integrity": "sha512-N4YtSYJqghVu4iek2ZUvcN/0aqH1kRDuNqzcycDxhOUpg7GdvLa2F3DgS6yBNhInhv2r/6I0Flkn7CqL8+nIcw=="
    },
    "node_modules/typed-html": {
      "version": "3.0.1",
      "resolved": "https://registry.npmjs.org/typed-html/-/typed-html-3.0.1.tgz",
      "integrity": "sha512-JKCM9zTfPDuPqQqdGZBWSEiItShliKkBFg5c6yOR8zth43v763XkAzTWaOlVqc0Y6p9ee8AaAbipGfUnCsYZUA==",
      "dev": true,
      "engines": {
        "node": ">=12"
      }
    },
    "node_modules/typescript": {
      "version": "5.2.2",
      "resolved": "https://registry.npmjs.org/typescript/-/typescript-5.2.2.tgz",
      "integrity": "sha512-mI4WrpHsbCIcwT9cF4FZvr80QUeKvsUsUvKDoR+X/7XHQH98xYD8YHZg7ANtz2GtZt/CBq2QJ0thkGJMHfqc1w==",
      "peer": true,
      "bin": {
        "tsc": "bin/tsc",
        "tsserver": "bin/tsserver"
      },
      "engines": {
        "node": ">=14.17"
      }
    }
  }
}
